
Microsoft Visual Studio Solution File, Format Version 12.00
# Visual Studio Version 17
VisualStudioVersion = 17.0.31903.59
MinimumVisualStudioVersion = 10.0.40219.1
Project("{2150E333-8FDC-42A3-9474-1A3956D46DE8}") = "src", "src", "{0C2ACB3D-25C1-4B9A-A7CC-9382C743DF2C}"
EndProject
Project("{FAE04EC0-301F-11D3-BF4B-00C04F79EFBC}") = "DailyS.API", "src\DailyS.API\DailyS.API.csproj", "{0483A3E4-C311-451A-9256-29855AFF38BB}"
EndProject
Project("{FAE04EC0-301F-11D3-BF4B-00C04F79EFBC}") = "DailyS.Domain", "src\DailyS.Domain\DailyS.Domain.csproj", "{ABA48BE2-3CE5-48EB-A42C-7CA041B4E5D7}"
EndProject
Project("{FAE04EC0-301F-11D3-BF4B-00C04F79EFBC}") = "DailyS.Infrastructure", "src\DailyS.Infrastructure\DailyS.Infrastructure.csproj", "{104CF482-2E11-4770-9298-4AA77FB26C31}"
EndProject
Project("{FAE04EC0-301F-11D3-BF4B-00C04F79EFBC}") = "DailyS.Persistence", "src\DailyS.Persistence\DailyS.Persistence.csproj", "{81E32227-0B7E-4419-92CC-C283BF49328D}"
EndProject
Project("{FAE04EC0-301F-11D3-BF4B-00C04F79EFBC}") = "DailyS.Application", "src\DailyS.Application\DailyS.Application.csproj", "{DC24BF2A-64A1-4E51-9A3D-41A0CC58B2BE}"
EndProject
Project("{FAE04EC0-301F-11D3-BF4B-00C04F79EFBC}") = "DailyS.Identity", "src\DailyS.Identity\DailyS.Identity.csproj", "{C1E999EF-2B35-4E9A-9EF3-151E06011FB8}"
EndProject
Project("{2150E333-8FDC-42A3-9474-1A3956D46DE8}") = "tests", "tests", "{A751987F-530E-45EE-AFBF-EB29DB0F95FF}"
EndProject
Project("{FAE04EC0-301F-11D3-BF4B-00C04F79EFBC}") = "DailyS.UnitTests", "tests\DailyS.UnitTests\DailyS.UnitTests.csproj", "{EFCD3A8F-CF85-42DA-897E-5736BA7CAF4F}"
EndProject
Project("{FAE04EC0-301F-11D3-BF4B-00C04F79EFBC}") = "DailyS.ApiTests", "tests\DailyS.ApiTests\DailyS.ApiTests.csproj", "{DBA5231A-9718-485D-8DB2-9B86AB8CDE3F}"
EndProject
Project("{FAE04EC0-301F-11D3-BF4B-00C04F79EFBC}") = "DailyS.IntegrationTests", "tests\DailyS.IntegrationTests\DailyS.IntegrationTests.csproj", "{B6567114-D5F4-42D3-AC00-1DE28E2B87E2}"
EndProject
Global
	GlobalSection(SolutionConfigurationPlatforms) = preSolution
		Debug|Any CPU = Debug|Any CPU
		Release|Any CPU = Release|Any CPU
	EndGlobalSection
	GlobalSection(SolutionProperties) = preSolution
		HideSolutionNode = FALSE
	EndGlobalSection
	GlobalSection(ProjectConfigurationPlatforms) = postSolution
		{0483A3E4-C311-451A-9256-29855AFF38BB}.Debug|Any CPU.ActiveCfg = Debug|Any CPU
		{0483A3E4-C311-451A-9256-29855AFF38BB}.Debug|Any CPU.Build.0 = Debug|Any CPU
		{0483A3E4-C311-451A-9256-29855AFF38BB}.Release|Any CPU.ActiveCfg = Release|Any CPU
		{0483A3E4-C311-451A-9256-29855AFF38BB}.Release|Any CPU.Build.0 = Release|Any CPU
		{ABA48BE2-3CE5-48EB-A42C-7CA041B4E5D7}.Debug|Any CPU.ActiveCfg = Debug|Any CPU
		{ABA48BE2-3CE5-48EB-A42C-7CA041B4E5D7}.Debug|Any CPU.Build.0 = Debug|Any CPU
		{ABA48BE2-3CE5-48EB-A42C-7CA041B4E5D7}.Release|Any CPU.ActiveCfg = Release|Any CPU
		{ABA48BE2-3CE5-48EB-A42C-7CA041B4E5D7}.Release|Any CPU.Build.0 = Release|Any CPU
		{104CF482-2E11-4770-9298-4AA77FB26C31}.Debug|Any CPU.ActiveCfg = Debug|Any CPU
		{104CF482-2E11-4770-9298-4AA77FB26C31}.Debug|Any CPU.Build.0 = Debug|Any CPU
		{104CF482-2E11-4770-9298-4AA77FB26C31}.Release|Any CPU.ActiveCfg = Release|Any CPU
		{104CF482-2E11-4770-9298-4AA77FB26C31}.Release|Any CPU.Build.0 = Release|Any CPU
		{81E32227-0B7E-4419-92CC-C283BF49328D}.Debug|Any CPU.ActiveCfg = Debug|Any CPU
		{81E32227-0B7E-4419-92CC-C283BF49328D}.Debug|Any CPU.Build.0 = Debug|Any CPU
		{81E32227-0B7E-4419-92CC-C283BF49328D}.Release|Any CPU.ActiveCfg = Release|Any CPU
		{81E32227-0B7E-4419-92CC-C283BF49328D}.Release|Any CPU.Build.0 = Release|Any CPU
		{DC24BF2A-64A1-4E51-9A3D-41A0CC58B2BE}.Debug|Any CPU.ActiveCfg = Debug|Any CPU
		{DC24BF2A-64A1-4E51-9A3D-41A0CC58B2BE}.Debug|Any CPU.Build.0 = Debug|Any CPU
		{DC24BF2A-64A1-4E51-9A3D-41A0CC58B2BE}.Release|Any CPU.ActiveCfg = Release|Any CPU
		{DC24BF2A-64A1-4E51-9A3D-41A0CC58B2BE}.Release|Any CPU.Build.0 = Release|Any CPU
		{C1E999EF-2B35-4E9A-9EF3-151E06011FB8}.Debug|Any CPU.ActiveCfg = Debug|Any CPU
		{C1E999EF-2B35-4E9A-9EF3-151E06011FB8}.Debug|Any CPU.Build.0 = Debug|Any CPU
		{C1E999EF-2B35-4E9A-9EF3-151E06011FB8}.Release|Any CPU.ActiveCfg = Release|Any CPU
		{C1E999EF-2B35-4E9A-9EF3-151E06011FB8}.Release|Any CPU.Build.0 = Release|Any CPU
		{EFCD3A8F-CF85-42DA-897E-5736BA7CAF4F}.Debug|Any CPU.ActiveCfg = Debug|Any CPU
		{EFCD3A8F-CF85-42DA-897E-5736BA7CAF4F}.Debug|Any CPU.Build.0 = Debug|Any CPU
		{EFCD3A8F-CF85-42DA-897E-5736BA7CAF4F}.Release|Any CPU.ActiveCfg = Release|Any CPU
		{EFCD3A8F-CF85-42DA-897E-5736BA7CAF4F}.Release|Any CPU.Build.0 = Release|Any CPU
		{DBA5231A-9718-485D-8DB2-9B86AB8CDE3F}.Debug|Any CPU.ActiveCfg = Debug|Any CPU
		{DBA5231A-9718-485D-8DB2-9B86AB8CDE3F}.Debug|Any CPU.Build.0 = Debug|Any CPU
		{DBA5231A-9718-485D-8DB2-9B86AB8CDE3F}.Release|Any CPU.ActiveCfg = Release|Any CPU
		{DBA5231A-9718-485D-8DB2-9B86AB8CDE3F}.Release|Any CPU.Build.0 = Release|Any CPU
		{B6567114-D5F4-42D3-AC00-1DE28E2B87E2}.Debug|Any CPU.ActiveCfg = Debug|Any CPU
		{B6567114-D5F4-42D3-AC00-1DE28E2B87E2}.Debug|Any CPU.Build.0 = Debug|Any CPU
		{B6567114-D5F4-42D3-AC00-1DE28E2B87E2}.Release|Any CPU.ActiveCfg = Release|Any CPU
		{B6567114-D5F4-42D3-AC00-1DE28E2B87E2}.Release|Any CPU.Build.0 = Release|Any CPU
	EndGlobalSection
	GlobalSection(NestedProjects) = preSolution
		{0483A3E4-C311-451A-9256-29855AFF38BB} = {0C2ACB3D-25C1-4B9A-A7CC-9382C743DF2C}
		{ABA48BE2-3CE5-48EB-A42C-7CA041B4E5D7} = {0C2ACB3D-25C1-4B9A-A7CC-9382C743DF2C}
		{104CF482-2E11-4770-9298-4AA77FB26C31} = {0C2ACB3D-25C1-4B9A-A7CC-9382C743DF2C}
		{81E32227-0B7E-4419-92CC-C283BF49328D} = {0C2ACB3D-25C1-4B9A-A7CC-9382C743DF2C}
		{DC24BF2A-64A1-4E51-9A3D-41A0CC58B2BE} = {0C2ACB3D-25C1-4B9A-A7CC-9382C743DF2C}
		{C1E999EF-2B35-4E9A-9EF3-151E06011FB8} = {0C2ACB3D-25C1-4B9A-A7CC-9382C743DF2C}
		{EFCD3A8F-CF85-42DA-897E-5736BA7CAF4F} = {A751987F-530E-45EE-AFBF-EB29DB0F95FF}
		{DBA5231A-9718-485D-8DB2-9B86AB8CDE3F} = {A751987F-530E-45EE-AFBF-EB29DB0F95FF}
		{B6567114-D5F4-42D3-AC00-1DE28E2B87E2} = {A751987F-530E-45EE-AFBF-EB29DB0F95FF}
	EndGlobalSection
EndGlobal
